
Microsoft Visual Studio Solution File, Format Version 12.00
# Visual Studio Version 16
VisualStudioVersion = 16.0.28803.598
MinimumVisualStudioVersion = 10.0.40219.1
Project("{FAE04EC0-301F-11D3-BF4B-00C04F79EFBC}") = "student-admin-api", "student-admin-api\student-admin-api.csproj", "{D53EBB39-D5A1-4A0C-990D-87E0CF647873}"
EndProject
Global
	GlobalSection(SolutionConfigurationPlatforms) = preSolution
		Debug|Any CPU = Debug|Any CPU
		Release|Any CPU = Release|Any CPU
	EndGlobalSection
	GlobalSection(ProjectConfigurationPlatforms) = postSolution
		{D53EBB39-D5A1-4A0C-990D-87E0CF647873}.Debug|Any CPU.ActiveCfg = Debug|Any CPU
		{D53EBB39-D5A1-4A0C-990D-87E0CF647873}.Debug|Any CPU.Build.0 = Debug|Any CPU
		{D53EBB39-D5A1-4A0C-990D-87E0CF647873}.Release|Any CPU.ActiveCfg = Release|Any CPU
		{D53EBB39-D5A1-4A0C-990D-87E0CF647873}.Release|Any CPU.Build.0 = Release|Any CPU
	EndGlobalSection
	GlobalSection(SolutionProperties) = preSolution
		HideSolutionNode = FALSE
	EndGlobalSection
	GlobalSection(ExtensibilityGlobals) = postSolution
		SolutionGuid = {392FF6E0-9F18-4B08-A432-7B3B9F4D32BA}
	EndGlobalSection
EndGlobal
